{
	"name": "@ason/transform",
	"version": "0.0.1",
	"lockfileVersion": 1,
	"requires": true,
	"dependencies": {
		"lodash.clonedeep": {
			"version": "4.5.0",
			"resolved": "https://registry.npmjs.org/lodash.clonedeep/-/lodash.clonedeep-4.5.0.tgz",
			"integrity": "sha1-4j8/nE+Pvd6HJSnBBxhXoIblzO8="
		},
		"ts-mixer": {
			"version": "5.4.0",
			"resolved": "https://registry.npmjs.org/ts-mixer/-/ts-mixer-5.4.0.tgz",
			"integrity": "sha512-Z5u/hpTkP4VWTIQT5vzxyeFAe8siPkatOC0Q49Uf56ccMGSHosI/IEo+t8BFvJX9yiF111YEOKfKY3m72V7F/w=="
		},
		"typescript": {
			"version": "4.2.4",
			"resolved": "https://registry.npmjs.org/typescript/-/typescript-4.2.4.tgz",
			"integrity": "sha512-V+evlYHZnQkaz8TRBuxTA92yZBPotr5H+WhQ7bD3hZUndx5tGOa1fuCgeSjxAzM1RiN5IzvadIXTVefuuwZCRg==",
			"dev": true
		},
		"visitor-as": {
			"version": "0.5.0",
			"resolved": "https://registry.npmjs.org/visitor-as/-/visitor-as-0.5.0.tgz",
			"integrity": "sha512-U2P13pa7BAnfj6IEbP4feS1Rci6NT4GlDcwpqkk90u7LGalc5jH9aMuWnxTC8RJJ92iZzDQ8Lea5/OnLDsgzlw==",
			"requires": {
				"lodash.clonedeep": "^4.5.0",
				"ts-mixer": "^5.1.0"
			}
		}
	}
}
