{
	"name": "@ason/test",
	"version": "0.0.1",
	"lockfileVersion": 1,
	"requires": true,
	"dependencies": {
		"assemblyscript": {
			"version": "0.18.23",
			"resolved": "https://registry.npmjs.org/assemblyscript/-/assemblyscript-0.18.23.tgz",
			"integrity": "sha512-INs8ZuV+L9E77UFZB2mK3u+85StkB/H2/kjQV0282IKgzojCH6Rw+NyS1SN5im2rT6/RmMtouWvpmHoet18IjQ==",
			"dev": true,
			"requires": {
				"binaryen": "100.0.0",
				"long": "^4.0.0"
			}
		},
		"binaryen": {
			"version": "100.0.0",
			"resolved": "https://registry.npmjs.org/binaryen/-/binaryen-100.0.0.tgz",
			"integrity": "sha512-nxOt8d8/VXAuSVEtAWUdKrqpqCy365QqD223EzzB1GzS5himiZAfM/R5lXx+M/5q8TB8cYp3tYxv5rTjNTJveQ==",
			"dev": true
		},
		"long": {
			"version": "4.0.0",
			"resolved": "https://registry.npmjs.org/long/-/long-4.0.0.tgz",
			"integrity": "sha512-XsP+KhQif4bjX1kbuSiySJFNAehNxgLb6hPRGJ9QsUr8ajHkuXGdrHmFUTUUXhDwVX2R5bY4JNZEwbUiMhV+MA==",
			"dev": true
		}
	}
}
