{
	"name": "@ason/assembly",
	"version": "0.0.2",
	"lockfileVersion": 1,
	"requires": true,
	"dependencies": {
		"assemblyscript": {
			"version": "0.18.30",
			"resolved": "https://registry.npmjs.org/assemblyscript/-/assemblyscript-0.18.30.tgz",
			"integrity": "sha512-+Ii/MoWJJ1Mh4lhgKX4Cxx3toFNY86r4WvnsA3Ucu0OjtsIqdZzP+M9cGonAdaOzkU1gprZXu+6IO1ARSK8CCg==",
			"dev": true,
			"requires": {
				"binaryen": "100.0.0-nightly.20210413",
				"long": "^4.0.0"
			}
		},
		"binaryen": {
			"version": "100.0.0-nightly.20210413",
			"resolved": "https://registry.npmjs.org/binaryen/-/binaryen-100.0.0-nightly.20210413.tgz",
			"integrity": "sha512-EeGLIxQmJS0xnYl+SH34mNBqVMoixKd9nsE7S7z+CtS9A4eoWn3Qjav+XElgunUgXIHAI5yLnYT2TUGnLX2f1w==",
			"dev": true
		},
		"long": {
			"version": "4.0.0",
			"resolved": "https://registry.npmjs.org/long/-/long-4.0.0.tgz",
			"integrity": "sha512-XsP+KhQif4bjX1kbuSiySJFNAehNxgLb6hPRGJ9QsUr8ajHkuXGdrHmFUTUUXhDwVX2R5bY4JNZEwbUiMhV+MA==",
			"dev": true
		}
	}
}
