{
	"name": "@ason/assembly",
	"version": "0.0.1",
	"lockfileVersion": 2,
	"requires": true,
	"packages": {
		"": {
			"name": "@ason/assembly",
			"version": "0.0.1",
			"license": "MIT",
			"dependencies": {
				"@assemblyscript/loader": "^0.17.3"
			},
			"devDependencies": {
				"assemblyscript": "^0.18.18"
			}
		},
		"node_modules/@assemblyscript/loader": {
			"version": "0.17.14",
			"resolved": "https://registry.npmjs.org/@assemblyscript/loader/-/loader-0.17.14.tgz",
			"integrity": "sha512-+PVTOfla/0XMLRTQLJFPg4u40XcdTfon6GGea70hBGi8Pd7ZymIXyVUR+vK8wt5Jb4MVKTKPIz43Myyebw5mZA=="
		},
		"node_modules/assemblyscript": {
			"version": "0.18.21",
			"resolved": "https://registry.npmjs.org/assemblyscript/-/assemblyscript-0.18.21.tgz",
			"integrity": "sha512-qZgfAT0CKzd854db1nwDbs1u9XwyWfXPC/hYJxADNRQBJ8oToJ/NX/KPHBR/oMxwY/VEygFBoPVqfCUZYTg1JA==",
			"dev": true,
			"dependencies": {
				"binaryen": "100.0.0",
				"long": "^4.0.0"
			},
			"bin": {
				"asc": "bin/asc",
				"asinit": "bin/asinit"
			}
		},
		"node_modules/binaryen": {
			"version": "100.0.0",
			"resolved": "https://registry.npmjs.org/binaryen/-/binaryen-100.0.0.tgz",
			"integrity": "sha512-nxOt8d8/VXAuSVEtAWUdKrqpqCy365QqD223EzzB1GzS5himiZAfM/R5lXx+M/5q8TB8cYp3tYxv5rTjNTJveQ==",
			"dev": true,
			"bin": {
				"wasm-opt": "bin/wasm-opt"
			}
		},
		"node_modules/long": {
			"version": "4.0.0",
			"resolved": "https://registry.npmjs.org/long/-/long-4.0.0.tgz",
			"integrity": "sha512-XsP+KhQif4bjX1kbuSiySJFNAehNxgLb6hPRGJ9QsUr8ajHkuXGdrHmFUTUUXhDwVX2R5bY4JNZEwbUiMhV+MA==",
			"dev": true
		}
	},
	"dependencies": {
		"@assemblyscript/loader": {
			"version": "0.17.14",
			"resolved": "https://registry.npmjs.org/@assemblyscript/loader/-/loader-0.17.14.tgz",
			"integrity": "sha512-+PVTOfla/0XMLRTQLJFPg4u40XcdTfon6GGea70hBGi8Pd7ZymIXyVUR+vK8wt5Jb4MVKTKPIz43Myyebw5mZA=="
		},
		"assemblyscript": {
			"version": "0.18.21",
			"resolved": "https://registry.npmjs.org/assemblyscript/-/assemblyscript-0.18.21.tgz",
			"integrity": "sha512-qZgfAT0CKzd854db1nwDbs1u9XwyWfXPC/hYJxADNRQBJ8oToJ/NX/KPHBR/oMxwY/VEygFBoPVqfCUZYTg1JA==",
			"dev": true,
			"requires": {
				"binaryen": "100.0.0",
				"long": "^4.0.0"
			}
		},
		"binaryen": {
			"version": "100.0.0",
			"resolved": "https://registry.npmjs.org/binaryen/-/binaryen-100.0.0.tgz",
			"integrity": "sha512-nxOt8d8/VXAuSVEtAWUdKrqpqCy365QqD223EzzB1GzS5himiZAfM/R5lXx+M/5q8TB8cYp3tYxv5rTjNTJveQ==",
			"dev": true
		},
		"long": {
			"version": "4.0.0",
			"resolved": "https://registry.npmjs.org/long/-/long-4.0.0.tgz",
			"integrity": "sha512-XsP+KhQif4bjX1kbuSiySJFNAehNxgLb6hPRGJ9QsUr8ajHkuXGdrHmFUTUUXhDwVX2R5bY4JNZEwbUiMhV+MA==",
			"dev": true
		}
	}
}
