{
	"name": "@ason/assembly",
	"version": "0.0.1",
	"lockfileVersion": 1,
	"requires": true,
	"dependencies": {
		"assemblyscript": {
			"version": "0.18.29",
			"resolved": "https://registry.npmjs.org/assemblyscript/-/assemblyscript-0.18.29.tgz",
			"integrity": "sha512-fHj5LN0QrsuViF26UQPI5jPxh+o5vpWS1oj3Dv1tD2t4G9Av480t8qWE2ycZ7v4ZEBmC1Ha9QvT+sAUhI141Nw==",
			"dev": true,
			"requires": {
				"binaryen": "100.0.0-nightly.20210413",
				"long": "^4.0.0"
			}
		},
		"binaryen": {
			"version": "100.0.0-nightly.20210413",
			"resolved": "https://registry.npmjs.org/binaryen/-/binaryen-100.0.0-nightly.20210413.tgz",
			"integrity": "sha512-EeGLIxQmJS0xnYl+SH34mNBqVMoixKd9nsE7S7z+CtS9A4eoWn3Qjav+XElgunUgXIHAI5yLnYT2TUGnLX2f1w==",
			"dev": true
		},
		"long": {
			"version": "4.0.0",
			"resolved": "https://registry.npmjs.org/long/-/long-4.0.0.tgz",
			"integrity": "sha512-XsP+KhQif4bjX1kbuSiySJFNAehNxgLb6hPRGJ9QsUr8ajHkuXGdrHmFUTUUXhDwVX2R5bY4JNZEwbUiMhV+MA==",
			"dev": true
		}
	}
}
